// !$*UTF8*$!
{
	archiveVersion = 1;
	classes = {
	};
	objectVersion = 56;
	objects = {

/* Begin PBXBuildFile section */
		390D80A32BA37EAB00C206F2 /* LocationView.swift in Sources */ = {isa = PBXBuildFile; fileRef = 390D80A22BA37EAB00C206F2 /* LocationView.swift */; };
		392A771A2B919B1D0013CCC2 /* CameraView.swift in Sources */ = {isa = PBXBuildFile; fileRef = 392A77192B919B1D0013CCC2 /* CameraView.swift */; };
		394102DC2B8DC3B600410009 /* OrderOverviewView.swift in Sources */ = {isa = PBXBuildFile; fileRef = 394102DB2B8DC3B600410009 /* OrderOverviewView.swift */; };
		394102DE2B8DD34B00410009 /* RecepitView.swift in Sources */ = {isa = PBXBuildFile; fileRef = 394102DD2B8DD34B00410009 /* RecepitView.swift */; };
		396C857D2B9838AC0074C1C6 /* AddressView.swift in Sources */ = {isa = PBXBuildFile; fileRef = 396C857C2B9838AC0074C1C6 /* AddressView.swift */; };
		396C857F2B98B5450074C1C6 /* CheckoutView.swift in Sources */ = {isa = PBXBuildFile; fileRef = 396C857E2B98B5440074C1C6 /* CheckoutView.swift */; };
		B352D74F2B9B7A7D0036707D /* AppDelegate.swift in Sources */ = {isa = PBXBuildFile; fileRef = B352D74E2B9B7A7D0036707D /* AppDelegate.swift */; };
		B352D7522B9B7AFA0036707D /* GoogleSignIn in Frameworks */ = {isa = PBXBuildFile; productRef = B352D7512B9B7AFA0036707D /* GoogleSignIn */; };
		B352D7542B9B7AFA0036707D /* GoogleSignInSwift in Frameworks */ = {isa = PBXBuildFile; productRef = B352D7532B9B7AFA0036707D /* GoogleSignInSwift */; };
		B352D7572B9B7B810036707D /* FirebaseAnalytics in Frameworks */ = {isa = PBXBuildFile; productRef = B352D7562B9B7B810036707D /* FirebaseAnalytics */; };
		B352D7592B9B7B810036707D /* FirebaseAnalyticsOnDeviceConversion in Frameworks */ = {isa = PBXBuildFile; productRef = B352D7582B9B7B810036707D /* FirebaseAnalyticsOnDeviceConversion */; };
		B352D75B2B9B7B810036707D /* FirebaseAnalyticsSwift in Frameworks */ = {isa = PBXBuildFile; productRef = B352D75A2B9B7B810036707D /* FirebaseAnalyticsSwift */; };
		B352D75D2B9B7B810036707D /* FirebaseAnalyticsWithoutAdIdSupport in Frameworks */ = {isa = PBXBuildFile; productRef = B352D75C2B9B7B810036707D /* FirebaseAnalyticsWithoutAdIdSupport */; };
		B352D75F2B9B7B810036707D /* FirebaseAppCheck in Frameworks */ = {isa = PBXBuildFile; productRef = B352D75E2B9B7B810036707D /* FirebaseAppCheck */; };
		B352D7622B9B7BA00036707D /* FirebaseAuth in Frameworks */ = {isa = PBXBuildFile; productRef = B352D7612B9B7BA00036707D /* FirebaseAuth */; };
		B352D7642B9B7BBB0036707D /* Application_utility.swift in Sources */ = {isa = PBXBuildFile; fileRef = B352D7632B9B7BBB0036707D /* Application_utility.swift */; };
		B352D7662B9B7BD80036707D /* GoogleSignInViewModel.swift in Sources */ = {isa = PBXBuildFile; fileRef = B352D7652B9B7BD80036707D /* GoogleSignInViewModel.swift */; };
		B352D76A2B9B7DEE0036707D /* GoogleService-Info.plist in Resources */ = {isa = PBXBuildFile; fileRef = B352D7692B9B7DEE0036707D /* GoogleService-Info.plist */; };
		B76C5ACE2B9DE5BB00B1EC99 /* ClothesSelectionViewModel.swift in Sources */ = {isa = PBXBuildFile; fileRef = B76C5ACD2B9DE5BB00B1EC99 /* ClothesSelectionViewModel.swift */; };
		B7B654472BA0154A00970AF9 /* ServiceSelectionViewModel.swift in Sources */ = {isa = PBXBuildFile; fileRef = B7B654462BA0154A00970AF9 /* ServiceSelectionViewModel.swift */; };
		B7FA7B902B92AA6300150611 /* LaundryShopModel.swift in Sources */ = {isa = PBXBuildFile; fileRef = B7FA7B8F2B92AA6300150611 /* LaundryShopModel.swift */; };
		B7FA7B942B92AAB000150611 /* LaundryDetailView.swift in Sources */ = {isa = PBXBuildFile; fileRef = B7FA7B932B92AAB000150611 /* LaundryDetailView.swift */; };
		B7FA7B962B92AAFB00150611 /* ServiceCategoryView.swift in Sources */ = {isa = PBXBuildFile; fileRef = B7FA7B952B92AAFB00150611 /* ServiceCategoryView.swift */; };
		B7FA7B982B92AB0B00150611 /* AllServiceCategoryView.swift in Sources */ = {isa = PBXBuildFile; fileRef = B7FA7B972B92AB0B00150611 /* AllServiceCategoryView.swift */; };
		B7FA7B9A2B92AB2200150611 /* ClothesCategoryView.swift in Sources */ = {isa = PBXBuildFile; fileRef = B7FA7B992B92AB2200150611 /* ClothesCategoryView.swift */; };
		B7FA7B9C2B92AB4A00150611 /* AllClothesCategoryView.swift in Sources */ = {isa = PBXBuildFile; fileRef = B7FA7B9B2B92AB4A00150611 /* AllClothesCategoryView.swift */; };
		B7FA7B9E2B92AB7600150611 /* LaundryScrollView.swift in Sources */ = {isa = PBXBuildFile; fileRef = B7FA7B9D2B92AB7600150611 /* LaundryScrollView.swift */; };
		B7FA7BA02B92AB8C00150611 /* ServiceScrollView.swift in Sources */ = {isa = PBXBuildFile; fileRef = B7FA7B9F2B92AB8C00150611 /* ServiceScrollView.swift */; };
		B7FA7BA22B92AB9F00150611 /* HomeView.swift in Sources */ = {isa = PBXBuildFile; fileRef = B7FA7BA12B92AB9F00150611 /* HomeView.swift */; };
		B7FA7BA42B92ABB100150611 /* ColorExtension.swift in Sources */ = {isa = PBXBuildFile; fileRef = B7FA7BA32B92ABB100150611 /* ColorExtension.swift */; };
		BC14BA8F2B9EC10B00E8584B /* BaseTabView.swift in Sources */ = {isa = PBXBuildFile; fileRef = BC14BA8E2B9EC10B00E8584B /* BaseTabView.swift */; };
		BCBF273A2B92EF8B003AAF18 /* LocationManagerViewModel.swift in Sources */ = {isa = PBXBuildFile; fileRef = BCBF27392B92EF8B003AAF18 /* LocationManagerViewModel.swift */; };
		BCBF273C2B92EFA2003AAF18 /* LocationViewModel.swift in Sources */ = {isa = PBXBuildFile; fileRef = BCBF273B2B92EFA2003AAF18 /* LocationViewModel.swift */; };
		BCBF273F2B92F34A003AAF18 /* OnboardingView.swift in Sources */ = {isa = PBXBuildFile; fileRef = BCBF273E2B92F34A003AAF18 /* OnboardingView.swift */; };
		BCBF27412B92F774003AAF18 /* OnboardingOneView.swift in Sources */ = {isa = PBXBuildFile; fileRef = BCBF27402B92F774003AAF18 /* OnboardingOneView.swift */; };
		BCBF27432B92FB0C003AAF18 /* OnboardingTwoView.swift in Sources */ = {isa = PBXBuildFile; fileRef = BCBF27422B92FB0C003AAF18 /* OnboardingTwoView.swift */; };
		BCBF27452B92FE02003AAF18 /* OnboardingThreeView.swift in Sources */ = {isa = PBXBuildFile; fileRef = BCBF27442B92FE02003AAF18 /* OnboardingThreeView.swift */; };
		BCBF27482B930207003AAF18 /* SignInView.swift in Sources */ = {isa = PBXBuildFile; fileRef = BCBF27472B930207003AAF18 /* SignInView.swift */; };
		BCBF274A2B930243003AAF18 /* AllOnboardingView.swift in Sources */ = {isa = PBXBuildFile; fileRef = BCBF27492B930243003AAF18 /* AllOnboardingView.swift */; };
		BCBF274C2B930BAC003AAF18 /* OnboardingConstant.swift in Sources */ = {isa = PBXBuildFile; fileRef = BCBF274B2B930BAC003AAF18 /* OnboardingConstant.swift */; };
		BCBF274E2B9315B7003AAF18 /* SignInDetailView.swift in Sources */ = {isa = PBXBuildFile; fileRef = BCBF274D2B9315B7003AAF18 /* SignInDetailView.swift */; };
		BCBF27522B931CD0003AAF18 /* OtpModifier.swift in Sources */ = {isa = PBXBuildFile; fileRef = BCBF27512B931CCF003AAF18 /* OtpModifier.swift */; };
		BCBF27542B931D12003AAF18 /* OtpFormFieldView.swift in Sources */ = {isa = PBXBuildFile; fileRef = BCBF27532B931D12003AAF18 /* OtpFormFieldView.swift */; };
		BCBF27562B93568D003AAF18 /* SplashView.swift in Sources */ = {isa = PBXBuildFile; fileRef = BCBF27552B93568D003AAF18 /* SplashView.swift */; };
		BCBF27582B935B29003AAF18 /* FilterView.swift in Sources */ = {isa = PBXBuildFile; fileRef = BCBF27572B935B29003AAF18 /* FilterView.swift */; };
		BCBF275C2B936D47003AAF18 /* SearchView.swift in Sources */ = {isa = PBXBuildFile; fileRef = BCBF275B2B936D47003AAF18 /* SearchView.swift */; };
		BCBF275E2B939E8C003AAF18 /* SearchbarLocationModel.swift in Sources */ = {isa = PBXBuildFile; fileRef = BCBF275D2B939E8B003AAF18 /* SearchbarLocationModel.swift */; };
		BCBF27602B93AFA5003AAF18 /* SearchBar.swift in Sources */ = {isa = PBXBuildFile; fileRef = BCBF275F2B93AFA5003AAF18 /* SearchBar.swift */; };
		BCBF27622B93BA72003AAF18 /* SideMenu.swift in Sources */ = {isa = PBXBuildFile; fileRef = BCBF27612B93BA72003AAF18 /* SideMenu.swift */; };
		BCFEEEA22B8B67500060DFB5 /* wasshaApp.swift in Sources */ = {isa = PBXBuildFile; fileRef = BCFEEEA12B8B67500060DFB5 /* wasshaApp.swift */; };
		BCFEEEA42B8B67500060DFB5 /* ContentView.swift in Sources */ = {isa = PBXBuildFile; fileRef = BCFEEEA32B8B67500060DFB5 /* ContentView.swift */; };
		BCFEEEA62B8B67520060DFB5 /* Assets.xcassets in Resources */ = {isa = PBXBuildFile; fileRef = BCFEEEA52B8B67520060DFB5 /* Assets.xcassets */; };
		BCFEEEA92B8B67520060DFB5 /* Preview Assets.xcassets in Resources */ = {isa = PBXBuildFile; fileRef = BCFEEEA82B8B67520060DFB5 /* Preview Assets.xcassets */; };
		BCFEEEB72B8B68B80060DFB5 /* modeltest.swift in Sources */ = {isa = PBXBuildFile; fileRef = BCFEEEB62B8B68B80060DFB5 /* modeltest.swift */; };
		BCFEEEB92B8B68C00060DFB5 /* viewmodeltest.swift in Sources */ = {isa = PBXBuildFile; fileRef = BCFEEEB82B8B68C00060DFB5 /* viewmodeltest.swift */; };
		BCFEEEC12B8B68E00060DFB5 /* settingtest.swift in Sources */ = {isa = PBXBuildFile; fileRef = BCFEEEC02B8B68E00060DFB5 /* settingtest.swift */; };
		BCFEEEC32B8B68EC0060DFB5 /* viewtest.swift in Sources */ = {isa = PBXBuildFile; fileRef = BCFEEEC22B8B68EC0060DFB5 /* viewtest.swift */; };
		BCFEEED12B8B928D0060DFB5 /* LocationsDataService.swift in Sources */ = {isa = PBXBuildFile; fileRef = BCFEEED02B8B928D0060DFB5 /* LocationsDataService.swift */; };
		BCFEEED52B8BA8FA0060DFB5 /* LocationsView.swift in Sources */ = {isa = PBXBuildFile; fileRef = BCFEEED42B8BA8FA0060DFB5 /* LocationsView.swift */; };
		BCFEEED72B8BB0A80060DFB5 /* LocationsListView.swift in Sources */ = {isa = PBXBuildFile; fileRef = BCFEEED62B8BB0A80060DFB5 /* LocationsListView.swift */; };
		BCFEEED92B8BBB8A0060DFB5 /* LocationPreviewView.swift in Sources */ = {isa = PBXBuildFile; fileRef = BCFEEED82B8BBB8A0060DFB5 /* LocationPreviewView.swift */; };
/* End PBXBuildFile section */

/* Begin PBXFileReference section */
		390D80A22BA37EAB00C206F2 /* LocationView.swift */ = {isa = PBXFileReference; lastKnownFileType = sourcecode.swift; path = LocationView.swift; sourceTree = "<group>"; };
		392A77192B919B1D0013CCC2 /* CameraView.swift */ = {isa = PBXFileReference; lastKnownFileType = sourcecode.swift; path = CameraView.swift; sourceTree = "<group>"; };
		394102DB2B8DC3B600410009 /* OrderOverviewView.swift */ = {isa = PBXFileReference; lastKnownFileType = sourcecode.swift; path = OrderOverviewView.swift; sourceTree = "<group>"; };
		394102DD2B8DD34B00410009 /* RecepitView.swift */ = {isa = PBXFileReference; lastKnownFileType = sourcecode.swift; path = RecepitView.swift; sourceTree = "<group>"; };
		396C857C2B9838AC0074C1C6 /* AddressView.swift */ = {isa = PBXFileReference; lastKnownFileType = sourcecode.swift; path = AddressView.swift; sourceTree = "<group>"; };
		396C857E2B98B5440074C1C6 /* CheckoutView.swift */ = {isa = PBXFileReference; lastKnownFileType = sourcecode.swift; path = CheckoutView.swift; sourceTree = "<group>"; };
		B352D74E2B9B7A7D0036707D /* AppDelegate.swift */ = {isa = PBXFileReference; lastKnownFileType = sourcecode.swift; path = AppDelegate.swift; sourceTree = "<group>"; };
		B352D7632B9B7BBB0036707D /* Application_utility.swift */ = {isa = PBXFileReference; lastKnownFileType = sourcecode.swift; path = Application_utility.swift; sourceTree = "<group>"; };
		B352D7652B9B7BD80036707D /* GoogleSignInViewModel.swift */ = {isa = PBXFileReference; lastKnownFileType = sourcecode.swift; path = GoogleSignInViewModel.swift; sourceTree = "<group>"; };
		B352D7692B9B7DEE0036707D /* GoogleService-Info.plist */ = {isa = PBXFileReference; fileEncoding = 4; lastKnownFileType = text.plist.xml; path = "GoogleService-Info.plist"; sourceTree = "<group>"; };
		B352D76B2B9B7E010036707D /* Info.plist */ = {isa = PBXFileReference; lastKnownFileType = text.plist; path = Info.plist; sourceTree = "<group>"; };
		B76C5ACD2B9DE5BB00B1EC99 /* ClothesSelectionViewModel.swift */ = {isa = PBXFileReference; lastKnownFileType = sourcecode.swift; path = ClothesSelectionViewModel.swift; sourceTree = "<group>"; };
		B7B654462BA0154A00970AF9 /* ServiceSelectionViewModel.swift */ = {isa = PBXFileReference; lastKnownFileType = sourcecode.swift; path = ServiceSelectionViewModel.swift; sourceTree = "<group>"; };
		B7FA7B8F2B92AA6300150611 /* LaundryShopModel.swift */ = {isa = PBXFileReference; lastKnownFileType = sourcecode.swift; path = LaundryShopModel.swift; sourceTree = "<group>"; };
		B7FA7B932B92AAB000150611 /* LaundryDetailView.swift */ = {isa = PBXFileReference; lastKnownFileType = sourcecode.swift; path = LaundryDetailView.swift; sourceTree = "<group>"; };
		B7FA7B952B92AAFB00150611 /* ServiceCategoryView.swift */ = {isa = PBXFileReference; lastKnownFileType = sourcecode.swift; path = ServiceCategoryView.swift; sourceTree = "<group>"; };
		B7FA7B972B92AB0B00150611 /* AllServiceCategoryView.swift */ = {isa = PBXFileReference; lastKnownFileType = sourcecode.swift; path = AllServiceCategoryView.swift; sourceTree = "<group>"; };
		B7FA7B992B92AB2200150611 /* ClothesCategoryView.swift */ = {isa = PBXFileReference; lastKnownFileType = sourcecode.swift; path = ClothesCategoryView.swift; sourceTree = "<group>"; };
		B7FA7B9B2B92AB4A00150611 /* AllClothesCategoryView.swift */ = {isa = PBXFileReference; lastKnownFileType = sourcecode.swift; path = AllClothesCategoryView.swift; sourceTree = "<group>"; };
		B7FA7B9D2B92AB7600150611 /* LaundryScrollView.swift */ = {isa = PBXFileReference; lastKnownFileType = sourcecode.swift; path = LaundryScrollView.swift; sourceTree = "<group>"; };
		B7FA7B9F2B92AB8C00150611 /* ServiceScrollView.swift */ = {isa = PBXFileReference; lastKnownFileType = sourcecode.swift; path = ServiceScrollView.swift; sourceTree = "<group>"; };
		B7FA7BA12B92AB9F00150611 /* HomeView.swift */ = {isa = PBXFileReference; lastKnownFileType = sourcecode.swift; path = HomeView.swift; sourceTree = "<group>"; };
		B7FA7BA32B92ABB100150611 /* ColorExtension.swift */ = {isa = PBXFileReference; lastKnownFileType = sourcecode.swift; path = ColorExtension.swift; sourceTree = "<group>"; };
		BC14BA8E2B9EC10B00E8584B /* BaseTabView.swift */ = {isa = PBXFileReference; lastKnownFileType = sourcecode.swift; path = BaseTabView.swift; sourceTree = "<group>"; };
		BCBF27392B92EF8B003AAF18 /* LocationManagerViewModel.swift */ = {isa = PBXFileReference; lastKnownFileType = sourcecode.swift; path = LocationManagerViewModel.swift; sourceTree = "<group>"; };
		BCBF273B2B92EFA2003AAF18 /* LocationViewModel.swift */ = {isa = PBXFileReference; lastKnownFileType = sourcecode.swift; path = LocationViewModel.swift; sourceTree = "<group>"; };
		BCBF273E2B92F34A003AAF18 /* OnboardingView.swift */ = {isa = PBXFileReference; lastKnownFileType = sourcecode.swift; path = OnboardingView.swift; sourceTree = "<group>"; };
		BCBF27402B92F774003AAF18 /* OnboardingOneView.swift */ = {isa = PBXFileReference; lastKnownFileType = sourcecode.swift; path = OnboardingOneView.swift; sourceTree = "<group>"; };
		BCBF27422B92FB0C003AAF18 /* OnboardingTwoView.swift */ = {isa = PBXFileReference; lastKnownFileType = sourcecode.swift; path = OnboardingTwoView.swift; sourceTree = "<group>"; };
		BCBF27442B92FE02003AAF18 /* OnboardingThreeView.swift */ = {isa = PBXFileReference; lastKnownFileType = sourcecode.swift; path = OnboardingThreeView.swift; sourceTree = "<group>"; };
		BCBF27472B930207003AAF18 /* SignInView.swift */ = {isa = PBXFileReference; lastKnownFileType = sourcecode.swift; path = SignInView.swift; sourceTree = "<group>"; };
		BCBF27492B930243003AAF18 /* AllOnboardingView.swift */ = {isa = PBXFileReference; lastKnownFileType = sourcecode.swift; path = AllOnboardingView.swift; sourceTree = "<group>"; };
		BCBF274B2B930BAC003AAF18 /* OnboardingConstant.swift */ = {isa = PBXFileReference; lastKnownFileType = sourcecode.swift; path = OnboardingConstant.swift; sourceTree = "<group>"; };
		BCBF274D2B9315B7003AAF18 /* SignInDetailView.swift */ = {isa = PBXFileReference; lastKnownFileType = sourcecode.swift; path = SignInDetailView.swift; sourceTree = "<group>"; };
		BCBF27512B931CCF003AAF18 /* OtpModifier.swift */ = {isa = PBXFileReference; lastKnownFileType = sourcecode.swift; path = OtpModifier.swift; sourceTree = "<group>"; };
		BCBF27532B931D12003AAF18 /* OtpFormFieldView.swift */ = {isa = PBXFileReference; lastKnownFileType = sourcecode.swift; path = OtpFormFieldView.swift; sourceTree = "<group>"; };
		BCBF27552B93568D003AAF18 /* SplashView.swift */ = {isa = PBXFileReference; lastKnownFileType = sourcecode.swift; path = SplashView.swift; sourceTree = "<group>"; };
		BCBF27572B935B29003AAF18 /* FilterView.swift */ = {isa = PBXFileReference; lastKnownFileType = sourcecode.swift; path = FilterView.swift; sourceTree = "<group>"; };
		BCBF275B2B936D47003AAF18 /* SearchView.swift */ = {isa = PBXFileReference; lastKnownFileType = sourcecode.swift; path = SearchView.swift; sourceTree = "<group>"; };
		BCBF275D2B939E8B003AAF18 /* SearchbarLocationModel.swift */ = {isa = PBXFileReference; lastKnownFileType = sourcecode.swift; path = SearchbarLocationModel.swift; sourceTree = "<group>"; };
		BCBF275F2B93AFA5003AAF18 /* SearchBar.swift */ = {isa = PBXFileReference; lastKnownFileType = sourcecode.swift; path = SearchBar.swift; sourceTree = "<group>"; };
		BCBF27612B93BA72003AAF18 /* SideMenu.swift */ = {isa = PBXFileReference; lastKnownFileType = sourcecode.swift; path = SideMenu.swift; sourceTree = "<group>"; };
		BCFEEE9E2B8B67500060DFB5 /* wassha.app */ = {isa = PBXFileReference; explicitFileType = wrapper.application; includeInIndex = 0; path = wassha.app; sourceTree = BUILT_PRODUCTS_DIR; };
		BCFEEEA12B8B67500060DFB5 /* wasshaApp.swift */ = {isa = PBXFileReference; lastKnownFileType = sourcecode.swift; path = wasshaApp.swift; sourceTree = "<group>"; };
		BCFEEEA32B8B67500060DFB5 /* ContentView.swift */ = {isa = PBXFileReference; lastKnownFileType = sourcecode.swift; path = ContentView.swift; sourceTree = "<group>"; };
		BCFEEEA52B8B67520060DFB5 /* Assets.xcassets */ = {isa = PBXFileReference; lastKnownFileType = folder.assetcatalog; path = Assets.xcassets; sourceTree = "<group>"; };
		BCFEEEA82B8B67520060DFB5 /* Preview Assets.xcassets */ = {isa = PBXFileReference; lastKnownFileType = folder.assetcatalog; path = "Preview Assets.xcassets"; sourceTree = "<group>"; };
		BCFEEEB62B8B68B80060DFB5 /* modeltest.swift */ = {isa = PBXFileReference; lastKnownFileType = sourcecode.swift; path = modeltest.swift; sourceTree = "<group>"; };
		BCFEEEB82B8B68C00060DFB5 /* viewmodeltest.swift */ = {isa = PBXFileReference; lastKnownFileType = sourcecode.swift; path = viewmodeltest.swift; sourceTree = "<group>"; };
		BCFEEEC02B8B68E00060DFB5 /* settingtest.swift */ = {isa = PBXFileReference; lastKnownFileType = sourcecode.swift; path = settingtest.swift; sourceTree = "<group>"; };
		BCFEEEC22B8B68EC0060DFB5 /* viewtest.swift */ = {isa = PBXFileReference; lastKnownFileType = sourcecode.swift; path = viewtest.swift; sourceTree = "<group>"; };
		BCFEEED02B8B928D0060DFB5 /* LocationsDataService.swift */ = {isa = PBXFileReference; lastKnownFileType = sourcecode.swift; path = LocationsDataService.swift; sourceTree = "<group>"; };
		BCFEEED42B8BA8FA0060DFB5 /* LocationsView.swift */ = {isa = PBXFileReference; lastKnownFileType = sourcecode.swift; path = LocationsView.swift; sourceTree = "<group>"; };
		BCFEEED62B8BB0A80060DFB5 /* LocationsListView.swift */ = {isa = PBXFileReference; lastKnownFileType = sourcecode.swift; path = LocationsListView.swift; sourceTree = "<group>"; };
		BCFEEED82B8BBB8A0060DFB5 /* LocationPreviewView.swift */ = {isa = PBXFileReference; lastKnownFileType = sourcecode.swift; path = LocationPreviewView.swift; sourceTree = "<group>"; };
/* End PBXFileReference section */

/* Begin PBXFrameworksBuildPhase section */
		BCFEEE9B2B8B67500060DFB5 /* Frameworks */ = {
			isa = PBXFrameworksBuildPhase;
			buildActionMask = 2147483647;
			files = (
				B352D7522B9B7AFA0036707D /* GoogleSignIn in Frameworks */,
				B352D75D2B9B7B810036707D /* FirebaseAnalyticsWithoutAdIdSupport in Frameworks */,
				B352D7542B9B7AFA0036707D /* GoogleSignInSwift in Frameworks */,
				B352D7572B9B7B810036707D /* FirebaseAnalytics in Frameworks */,
				B352D75F2B9B7B810036707D /* FirebaseAppCheck in Frameworks */,
				B352D7592B9B7B810036707D /* FirebaseAnalyticsOnDeviceConversion in Frameworks */,
				B352D75B2B9B7B810036707D /* FirebaseAnalyticsSwift in Frameworks */,
				B352D7622B9B7BA00036707D /* FirebaseAuth in Frameworks */,
			);
			runOnlyForDeploymentPostprocessing = 0;
		};
/* End PBXFrameworksBuildPhase section */

/* Begin PBXGroup section */
		39FB52A42BA80BCF009366F5 /* CheckOut */ = {
			isa = PBXGroup;
			children = (
				394102DB2B8DC3B600410009 /* OrderOverviewView.swift */,
				394102DD2B8DD34B00410009 /* RecepitView.swift */,
				392A77192B919B1D0013CCC2 /* CameraView.swift */,
				396C857C2B9838AC0074C1C6 /* AddressView.swift */,
				396C857E2B98B5440074C1C6 /* CheckoutView.swift */,
				390D80A22BA37EAB00C206F2 /* LocationView.swift */,
			);
			path = CheckOut;
			sourceTree = "<group>";
		};
		B352D74D2B9B7A630036707D /* Helper */ = {
			isa = PBXGroup;
			children = (
				B352D74E2B9B7A7D0036707D /* AppDelegate.swift */,
				B352D7632B9B7BBB0036707D /* Application_utility.swift */,
			);
			path = Helper;
			sourceTree = "<group>";
		};
		B352D7602B9B7BA00036707D /* Frameworks */ = {
			isa = PBXGroup;
			children = (
			);
			name = Frameworks;
			sourceTree = "<group>";
		};
		BCBF273D2B92F330003AAF18 /* Onboarding */ = {
			isa = PBXGroup;
			children = (
				BCBF273E2B92F34A003AAF18 /* OnboardingView.swift */,
				BCBF27402B92F774003AAF18 /* OnboardingOneView.swift */,
				BCBF27422B92FB0C003AAF18 /* OnboardingTwoView.swift */,
				BCBF27442B92FE02003AAF18 /* OnboardingThreeView.swift */,
				BCBF27492B930243003AAF18 /* AllOnboardingView.swift */,
				BCBF27552B93568D003AAF18 /* SplashView.swift */,
			);
			path = Onboarding;
			sourceTree = "<group>";
		};
		BCBF27462B92FF33003AAF18 /* SignIn */ = {
			isa = PBXGroup;
			children = (
				BCBF27472B930207003AAF18 /* SignInView.swift */,
				BCBF274D2B9315B7003AAF18 /* SignInDetailView.swift */,
				BCBF27512B931CCF003AAF18 /* OtpModifier.swift */,
				BCBF27532B931D12003AAF18 /* OtpFormFieldView.swift */,
			);
			path = SignIn;
			sourceTree = "<group>";
		};
		BCFEEE952B8B67500060DFB5 = {
			isa = PBXGroup;
			children = (
				BCFEEEA02B8B67500060DFB5 /* wassha */,
				BCFEEE9F2B8B67500060DFB5 /* Products */,
				B352D7602B9B7BA00036707D /* Frameworks */,
			);
			sourceTree = "<group>";
		};
		BCFEEE9F2B8B67500060DFB5 /* Products */ = {
			isa = PBXGroup;
			children = (
				BCFEEE9E2B8B67500060DFB5 /* wassha.app */,
			);
			name = Products;
			sourceTree = "<group>";
		};
		BCFEEEA02B8B67500060DFB5 /* wassha */ = {
			isa = PBXGroup;
			children = (
				B352D76B2B9B7E010036707D /* Info.plist */,
				B352D7692B9B7DEE0036707D /* GoogleService-Info.plist */,
				B352D74D2B9B7A630036707D /* Helper */,
				BCFEEECF2B8B92640060DFB5 /* DataService */,
				BCFEEEB12B8B676E0060DFB5 /* Model */,
				BCFEEEB02B8B67650060DFB5 /* ViewModel */,
				BCFEEEAF2B8B675E0060DFB5 /* View */,
				BCFEEEA12B8B67500060DFB5 /* wasshaApp.swift */,
				BCFEEEA32B8B67500060DFB5 /* ContentView.swift */,
				B7FA7BA32B92ABB100150611 /* ColorExtension.swift */,
				BCFEEEA52B8B67520060DFB5 /* Assets.xcassets */,
				BCFEEEA72B8B67520060DFB5 /* Preview Content */,
			);
			path = wassha;
			sourceTree = "<group>";
		};
		BCFEEEA72B8B67520060DFB5 /* Preview Content */ = {
			isa = PBXGroup;
			children = (
				BCFEEEA82B8B67520060DFB5 /* Preview Assets.xcassets */,
			);
			path = "Preview Content";
			sourceTree = "<group>";
		};
		BCFEEEAF2B8B675E0060DFB5 /* View */ = {
			isa = PBXGroup;
			children = (
				39FB52A42BA80BCF009366F5 /* CheckOut */,
				BCBF27462B92FF33003AAF18 /* SignIn */,
				BCBF273D2B92F330003AAF18 /* Onboarding */,
				BCFEEEB52B8B67960060DFB5 /* Category */,
				BCFEEEB42B8B678E0060DFB5 /* Search */,
				BCFEEEB32B8B67890060DFB5 /* Home */,
				BCFEEEB22B8B677C0060DFB5 /* Setting */,
				BCFEEEC22B8B68EC0060DFB5 /* viewtest.swift */,
			);
			path = View;
			sourceTree = "<group>";
		};
		BCFEEEB02B8B67650060DFB5 /* ViewModel */ = {
			isa = PBXGroup;
			children = (
				BCFEEEB82B8B68C00060DFB5 /* viewmodeltest.swift */,
				BCBF27392B92EF8B003AAF18 /* LocationManagerViewModel.swift */,
				BCBF273B2B92EFA2003AAF18 /* LocationViewModel.swift */,
				B352D7652B9B7BD80036707D /* GoogleSignInViewModel.swift */,
				B76C5ACD2B9DE5BB00B1EC99 /* ClothesSelectionViewModel.swift */,
				B7B654462BA0154A00970AF9 /* ServiceSelectionViewModel.swift */,
			);
			path = ViewModel;
			sourceTree = "<group>";
		};
		BCFEEEB12B8B676E0060DFB5 /* Model */ = {
			isa = PBXGroup;
			children = (
				BCFEEEB62B8B68B80060DFB5 /* modeltest.swift */,
				B7FA7B8F2B92AA6300150611 /* LaundryShopModel.swift */,
				BCBF274B2B930BAC003AAF18 /* OnboardingConstant.swift */,
				BCBF275D2B939E8B003AAF18 /* SearchbarLocationModel.swift */,
			);
			path = Model;
			sourceTree = "<group>";
		};
		BCFEEEB22B8B677C0060DFB5 /* Setting */ = {
			isa = PBXGroup;
			children = (
				BCFEEEC02B8B68E00060DFB5 /* settingtest.swift */,
			);
			path = Setting;
			sourceTree = "<group>";
		};
		BCFEEEB32B8B67890060DFB5 /* Home */ = {
			isa = PBXGroup;
			children = (
				B7FA7B9D2B92AB7600150611 /* LaundryScrollView.swift */,
				B7FA7B9F2B92AB8C00150611 /* ServiceScrollView.swift */,
				B7FA7BA12B92AB9F00150611 /* HomeView.swift */,
				BC14BA8E2B9EC10B00E8584B /* BaseTabView.swift */,
			);
			path = Home;
			sourceTree = "<group>";
		};
		BCFEEEB42B8B678E0060DFB5 /* Search */ = {
			isa = PBXGroup;
			children = (
				BCFEEED42B8BA8FA0060DFB5 /* LocationsView.swift */,
				BCFEEED62B8BB0A80060DFB5 /* LocationsListView.swift */,
				BCFEEED82B8BBB8A0060DFB5 /* LocationPreviewView.swift */,
				BCBF27572B935B29003AAF18 /* FilterView.swift */,
				BCBF275B2B936D47003AAF18 /* SearchView.swift */,
				BCBF275F2B93AFA5003AAF18 /* SearchBar.swift */,
				BCBF27612B93BA72003AAF18 /* SideMenu.swift */,
			);
			path = Search;
			sourceTree = "<group>";
		};
		BCFEEEB52B8B67960060DFB5 /* Category */ = {
			isa = PBXGroup;
			children = (
				B7FA7B932B92AAB000150611 /* LaundryDetailView.swift */,
				B7FA7B952B92AAFB00150611 /* ServiceCategoryView.swift */,
				B7FA7B972B92AB0B00150611 /* AllServiceCategoryView.swift */,
				B7FA7B992B92AB2200150611 /* ClothesCategoryView.swift */,
				B7FA7B9B2B92AB4A00150611 /* AllClothesCategoryView.swift */,
			);
			path = Category;
			sourceTree = "<group>";
		};
		BCFEEECF2B8B92640060DFB5 /* DataService */ = {
			isa = PBXGroup;
			children = (
				BCFEEED02B8B928D0060DFB5 /* LocationsDataService.swift */,
			);
			path = DataService;
			sourceTree = "<group>";
		};
/* End PBXGroup section */

/* Begin PBXNativeTarget section */
		BCFEEE9D2B8B67500060DFB5 /* wassha */ = {
			isa = PBXNativeTarget;
			buildConfigurationList = BCFEEEAC2B8B67520060DFB5 /* Build configuration list for PBXNativeTarget "wassha" */;
			buildPhases = (
				BCFEEE9A2B8B67500060DFB5 /* Sources */,
				BCFEEE9B2B8B67500060DFB5 /* Frameworks */,
				BCFEEE9C2B8B67500060DFB5 /* Resources */,
			);
			buildRules = (
			);
			dependencies = (
			);
			name = wassha;
			packageProductDependencies = (
				B352D7512B9B7AFA0036707D /* GoogleSignIn */,
				B352D7532B9B7AFA0036707D /* GoogleSignInSwift */,
				B352D7562B9B7B810036707D /* FirebaseAnalytics */,
				B352D7582B9B7B810036707D /* FirebaseAnalyticsOnDeviceConversion */,
				B352D75A2B9B7B810036707D /* FirebaseAnalyticsSwift */,
				B352D75C2B9B7B810036707D /* FirebaseAnalyticsWithoutAdIdSupport */,
				B352D75E2B9B7B810036707D /* FirebaseAppCheck */,
				B352D7612B9B7BA00036707D /* FirebaseAuth */,
			);
			productName = wassha;
			productReference = BCFEEE9E2B8B67500060DFB5 /* wassha.app */;
			productType = "com.apple.product-type.application";
		};
/* End PBXNativeTarget section */

/* Begin PBXProject section */
		BCFEEE962B8B67500060DFB5 /* Project object */ = {
			isa = PBXProject;
			attributes = {
				BuildIndependentTargetsInParallel = 1;
				LastSwiftUpdateCheck = 1520;
				LastUpgradeCheck = 1520;
				TargetAttributes = {
					BCFEEE9D2B8B67500060DFB5 = {
						CreatedOnToolsVersion = 15.2;
					};
				};
			};
			buildConfigurationList = BCFEEE992B8B67500060DFB5 /* Build configuration list for PBXProject "wassha" */;
			compatibilityVersion = "Xcode 14.0";
			developmentRegion = en;
			hasScannedForEncodings = 0;
			knownRegions = (
				en,
				Base,
			);
			mainGroup = BCFEEE952B8B67500060DFB5;
			packageReferences = (
				B352D7502B9B7AFA0036707D /* XCRemoteSwiftPackageReference "GoogleSignIn-iOS" */,
				B352D7552B9B7B810036707D /* XCRemoteSwiftPackageReference "firebase-ios-sdk" */,
			);
			productRefGroup = BCFEEE9F2B8B67500060DFB5 /* Products */;
			projectDirPath = "";
			projectRoot = "";
			targets = (
				BCFEEE9D2B8B67500060DFB5 /* wassha */,
			);
		};
/* End PBXProject section */

/* Begin PBXResourcesBuildPhase section */
		BCFEEE9C2B8B67500060DFB5 /* Resources */ = {
			isa = PBXResourcesBuildPhase;
			buildActionMask = 2147483647;
			files = (
				BCFEEEA92B8B67520060DFB5 /* Preview Assets.xcassets in Resources */,
				BCFEEEA62B8B67520060DFB5 /* Assets.xcassets in Resources */,
				B352D76A2B9B7DEE0036707D /* GoogleService-Info.plist in Resources */,
			);
			runOnlyForDeploymentPostprocessing = 0;
		};
/* End PBXResourcesBuildPhase section */

/* Begin PBXSourcesBuildPhase section */
		BCFEEE9A2B8B67500060DFB5 /* Sources */ = {
			isa = PBXSourcesBuildPhase;
			buildActionMask = 2147483647;
			files = (
				394102DE2B8DD34B00410009 /* RecepitView.swift in Sources */,
				B7B654472BA0154A00970AF9 /* ServiceSelectionViewModel.swift in Sources */,
				BCFEEEC32B8B68EC0060DFB5 /* viewtest.swift in Sources */,
				390D80A32BA37EAB00C206F2 /* LocationView.swift in Sources */,
				396C857F2B98B5450074C1C6 /* CheckoutView.swift in Sources */,
				392A771A2B919B1D0013CCC2 /* CameraView.swift in Sources */,
				BCFEEEA42B8B67500060DFB5 /* ContentView.swift in Sources */,
				394102DC2B8DC3B600410009 /* OrderOverviewView.swift in Sources */,
				396C857D2B9838AC0074C1C6 /* AddressView.swift in Sources */,
				BCBF274C2B930BAC003AAF18 /* OnboardingConstant.swift in Sources */,
				B7FA7B9A2B92AB2200150611 /* ClothesCategoryView.swift in Sources */,
				BCBF27542B931D12003AAF18 /* OtpFormFieldView.swift in Sources */,
				B352D7662B9B7BD80036707D /* GoogleSignInViewModel.swift in Sources */,
				BCBF273A2B92EF8B003AAF18 /* LocationManagerViewModel.swift in Sources */,
				B352D7642B9B7BBB0036707D /* Application_utility.swift in Sources */,
				BCFEEEC32B8B68EC0060DFB5 /* viewtest.swift in Sources */,
				B352D74F2B9B7A7D0036707D /* AppDelegate.swift in Sources */,
				BCBF273F2B92F34A003AAF18 /* OnboardingView.swift in Sources */,
				BCFEEEA42B8B67500060DFB5 /* ContentView.swift in Sources */,
				BCBF27452B92FE02003AAF18 /* OnboardingThreeView.swift in Sources */,
				BCBF27482B930207003AAF18 /* SignInView.swift in Sources */,
				B7FA7B982B92AB0B00150611 /* AllServiceCategoryView.swift in Sources */,
				BCBF27622B93BA72003AAF18 /* SideMenu.swift in Sources */,
				B7FA7B942B92AAB000150611 /* LaundryDetailView.swift in Sources */,
				BCFEEEC12B8B68E00060DFB5 /* settingtest.swift in Sources */,
				BCBF275C2B936D47003AAF18 /* SearchView.swift in Sources */,
				BCBF27412B92F774003AAF18 /* OnboardingOneView.swift in Sources */,
				BCBF27432B92FB0C003AAF18 /* OnboardingTwoView.swift in Sources */,
				B7FA7B962B92AAFB00150611 /* ServiceCategoryView.swift in Sources */,
				BCBF27562B93568D003AAF18 /* SplashView.swift in Sources */,
				BCFEEED12B8B928D0060DFB5 /* LocationsDataService.swift in Sources */,
				BCFEEED52B8BA8FA0060DFB5 /* LocationsView.swift in Sources */,
				B76C5ACE2B9DE5BB00B1EC99 /* ClothesSelectionViewModel.swift in Sources */,
				BCFEEEC12B8B68E00060DFB5 /* settingtest.swift in Sources */,
				BCBF274E2B9315B7003AAF18 /* SignInDetailView.swift in Sources */,
				BCBF273C2B92EFA2003AAF18 /* LocationViewModel.swift in Sources */,
				BCBF274A2B930243003AAF18 /* AllOnboardingView.swift in Sources */,
				BCBF27582B935B29003AAF18 /* FilterView.swift in Sources */,
				BCBF275E2B939E8C003AAF18 /* SearchbarLocationModel.swift in Sources */,
				BCBF27522B931CD0003AAF18 /* OtpModifier.swift in Sources */,
				BCFEEEB72B8B68B80060DFB5 /* modeltest.swift in Sources */,
				B7FA7B9C2B92AB4A00150611 /* AllClothesCategoryView.swift in Sources */,
				B7FA7BA02B92AB8C00150611 /* ServiceScrollView.swift in Sources */,
				BCFEEED92B8BBB8A0060DFB5 /* LocationPreviewView.swift in Sources */,
				BCFEEEB92B8B68C00060DFB5 /* viewmodeltest.swift in Sources */,
				BCFEEEA22B8B67500060DFB5 /* wasshaApp.swift in Sources */,
				B7FA7B9E2B92AB7600150611 /* LaundryScrollView.swift in Sources */,
				B7FA7B902B92AA6300150611 /* LaundryShopModel.swift in Sources */,
				BCBF27602B93AFA5003AAF18 /* SearchBar.swift in Sources */,
				BC14BA8F2B9EC10B00E8584B /* BaseTabView.swift in Sources */,
				B7FA7BA22B92AB9F00150611 /* HomeView.swift in Sources */,
				B7FA7BA42B92ABB100150611 /* ColorExtension.swift in Sources */,
				BCFEEED72B8BB0A80060DFB5 /* LocationsListView.swift in Sources */,
			);
			runOnlyForDeploymentPostprocessing = 0;
		};
/* End PBXSourcesBuildPhase section */

/* Begin XCBuildConfiguration section */
		BCFEEEAA2B8B67520060DFB5 /* Debug */ = {
			isa = XCBuildConfiguration;
			buildSettings = {
				ALWAYS_SEARCH_USER_PATHS = NO;
				ASSETCATALOG_COMPILER_GENERATE_SWIFT_ASSET_SYMBOL_EXTENSIONS = YES;
				CLANG_ANALYZER_NONNULL = YES;
				CLANG_ANALYZER_NUMBER_OBJECT_CONVERSION = YES_AGGRESSIVE;
				CLANG_CXX_LANGUAGE_STANDARD = "gnu++20";
				CLANG_ENABLE_MODULES = YES;
				CLANG_ENABLE_OBJC_ARC = YES;
				CLANG_ENABLE_OBJC_WEAK = YES;
				CLANG_WARN_BLOCK_CAPTURE_AUTORELEASING = YES;
				CLANG_WARN_BOOL_CONVERSION = YES;
				CLANG_WARN_COMMA = YES;
				CLANG_WARN_CONSTANT_CONVERSION = YES;
				CLANG_WARN_DEPRECATED_OBJC_IMPLEMENTATIONS = YES;
				CLANG_WARN_DIRECT_OBJC_ISA_USAGE = YES_ERROR;
				CLANG_WARN_DOCUMENTATION_COMMENTS = YES;
				CLANG_WARN_EMPTY_BODY = YES;
				CLANG_WARN_ENUM_CONVERSION = YES;
				CLANG_WARN_INFINITE_RECURSION = YES;
				CLANG_WARN_INT_CONVERSION = YES;
				CLANG_WARN_NON_LITERAL_NULL_CONVERSION = YES;
				CLANG_WARN_OBJC_IMPLICIT_RETAIN_SELF = YES;
				CLANG_WARN_OBJC_LITERAL_CONVERSION = YES;
				CLANG_WARN_OBJC_ROOT_CLASS = YES_ERROR;
				CLANG_WARN_QUOTED_INCLUDE_IN_FRAMEWORK_HEADER = YES;
				CLANG_WARN_RANGE_LOOP_ANALYSIS = YES;
				CLANG_WARN_STRICT_PROTOTYPES = YES;
				CLANG_WARN_SUSPICIOUS_MOVE = YES;
				CLANG_WARN_UNGUARDED_AVAILABILITY = YES_AGGRESSIVE;
				CLANG_WARN_UNREACHABLE_CODE = YES;
				CLANG_WARN__DUPLICATE_METHOD_MATCH = YES;
				COPY_PHASE_STRIP = NO;
				DEBUG_INFORMATION_FORMAT = dwarf;
				ENABLE_STRICT_OBJC_MSGSEND = YES;
				ENABLE_TESTABILITY = YES;
				ENABLE_USER_SCRIPT_SANDBOXING = YES;
				GCC_C_LANGUAGE_STANDARD = gnu17;
				GCC_DYNAMIC_NO_PIC = NO;
				GCC_NO_COMMON_BLOCKS = YES;
				GCC_OPTIMIZATION_LEVEL = 0;
				GCC_PREPROCESSOR_DEFINITIONS = (
					"DEBUG=1",
					"$(inherited)",
				);
				GCC_WARN_64_TO_32_BIT_CONVERSION = YES;
				GCC_WARN_ABOUT_RETURN_TYPE = YES_ERROR;
				GCC_WARN_UNDECLARED_SELECTOR = YES;
				GCC_WARN_UNINITIALIZED_AUTOS = YES_AGGRESSIVE;
				GCC_WARN_UNUSED_FUNCTION = YES;
				GCC_WARN_UNUSED_VARIABLE = YES;
				IPHONEOS_DEPLOYMENT_TARGET = 17.2;
				LOCALIZATION_PREFERS_STRING_CATALOGS = YES;
				MTL_ENABLE_DEBUG_INFO = INCLUDE_SOURCE;
				MTL_FAST_MATH = YES;
				ONLY_ACTIVE_ARCH = YES;
				SDKROOT = iphoneos;
				SWIFT_ACTIVE_COMPILATION_CONDITIONS = "DEBUG $(inherited)";
				SWIFT_OPTIMIZATION_LEVEL = "-Onone";
			};
			name = Debug;
		};
		BCFEEEAB2B8B67520060DFB5 /* Release */ = {
			isa = XCBuildConfiguration;
			buildSettings = {
				ALWAYS_SEARCH_USER_PATHS = NO;
				ASSETCATALOG_COMPILER_GENERATE_SWIFT_ASSET_SYMBOL_EXTENSIONS = YES;
				CLANG_ANALYZER_NONNULL = YES;
				CLANG_ANALYZER_NUMBER_OBJECT_CONVERSION = YES_AGGRESSIVE;
				CLANG_CXX_LANGUAGE_STANDARD = "gnu++20";
				CLANG_ENABLE_MODULES = YES;
				CLANG_ENABLE_OBJC_ARC = YES;
				CLANG_ENABLE_OBJC_WEAK = YES;
				CLANG_WARN_BLOCK_CAPTURE_AUTORELEASING = YES;
				CLANG_WARN_BOOL_CONVERSION = YES;
				CLANG_WARN_COMMA = YES;
				CLANG_WARN_CONSTANT_CONVERSION = YES;
				CLANG_WARN_DEPRECATED_OBJC_IMPLEMENTATIONS = YES;
				CLANG_WARN_DIRECT_OBJC_ISA_USAGE = YES_ERROR;
				CLANG_WARN_DOCUMENTATION_COMMENTS = YES;
				CLANG_WARN_EMPTY_BODY = YES;
				CLANG_WARN_ENUM_CONVERSION = YES;
				CLANG_WARN_INFINITE_RECURSION = YES;
				CLANG_WARN_INT_CONVERSION = YES;
				CLANG_WARN_NON_LITERAL_NULL_CONVERSION = YES;
				CLANG_WARN_OBJC_IMPLICIT_RETAIN_SELF = YES;
				CLANG_WARN_OBJC_LITERAL_CONVERSION = YES;
				CLANG_WARN_OBJC_ROOT_CLASS = YES_ERROR;
				CLANG_WARN_QUOTED_INCLUDE_IN_FRAMEWORK_HEADER = YES;
				CLANG_WARN_RANGE_LOOP_ANALYSIS = YES;
				CLANG_WARN_STRICT_PROTOTYPES = YES;
				CLANG_WARN_SUSPICIOUS_MOVE = YES;
				CLANG_WARN_UNGUARDED_AVAILABILITY = YES_AGGRESSIVE;
				CLANG_WARN_UNREACHABLE_CODE = YES;
				CLANG_WARN__DUPLICATE_METHOD_MATCH = YES;
				COPY_PHASE_STRIP = NO;
				DEBUG_INFORMATION_FORMAT = "dwarf-with-dsym";
				ENABLE_NS_ASSERTIONS = NO;
				ENABLE_STRICT_OBJC_MSGSEND = YES;
				ENABLE_USER_SCRIPT_SANDBOXING = YES;
				GCC_C_LANGUAGE_STANDARD = gnu17;
				GCC_NO_COMMON_BLOCKS = YES;
				GCC_WARN_64_TO_32_BIT_CONVERSION = YES;
				GCC_WARN_ABOUT_RETURN_TYPE = YES_ERROR;
				GCC_WARN_UNDECLARED_SELECTOR = YES;
				GCC_WARN_UNINITIALIZED_AUTOS = YES_AGGRESSIVE;
				GCC_WARN_UNUSED_FUNCTION = YES;
				GCC_WARN_UNUSED_VARIABLE = YES;
				IPHONEOS_DEPLOYMENT_TARGET = 17.2;
				LOCALIZATION_PREFERS_STRING_CATALOGS = YES;
				MTL_ENABLE_DEBUG_INFO = NO;
				MTL_FAST_MATH = YES;
				ONLY_ACTIVE_ARCH = YES;
				SDKROOT = iphoneos;
				SWIFT_COMPILATION_MODE = wholemodule;
				VALIDATE_PRODUCT = YES;
			};
			name = Release;
		};
		BCFEEEAD2B8B67520060DFB5 /* Debug */ = {
			isa = XCBuildConfiguration;
			buildSettings = {
				ASSETCATALOG_COMPILER_APPICON_NAME = AppIcon;
				ASSETCATALOG_COMPILER_GLOBAL_ACCENT_COLOR_NAME = AccentColor;
				CODE_SIGN_STYLE = Automatic;
				CURRENT_PROJECT_VERSION = 1;
				DEVELOPMENT_ASSET_PATHS = "\"wassha/Preview Content\"";
				DEVELOPMENT_TEAM = GN86H89432;
				ENABLE_PREVIEWS = YES;
				GENERATE_INFOPLIST_FILE = YES;
				INFOPLIST_FILE = wassha/Info.plist;
				INFOPLIST_KEY_CFBundleDisplayName = wassha;
				INFOPLIST_KEY_NSCameraUsageDescription = "";
				INFOPLIST_KEY_NSLocationAlwaysUsageDescription = "We need to get your location for identifying your address";
				INFOPLIST_KEY_NSLocationWhenInUseUsageDescription = "We need to get your location for identifying your address";
				INFOPLIST_KEY_UIApplicationSceneManifest_Generation = YES;
				INFOPLIST_KEY_UIApplicationSupportsIndirectInputEvents = YES;
				INFOPLIST_KEY_UILaunchScreen_Generation = YES;
				INFOPLIST_KEY_UISupportedInterfaceOrientations_iPad = "UIInterfaceOrientationPortrait UIInterfaceOrientationPortraitUpsideDown UIInterfaceOrientationLandscapeLeft UIInterfaceOrientationLandscapeRight";
				INFOPLIST_KEY_UISupportedInterfaceOrientations_iPhone = "UIInterfaceOrientationPortrait UIInterfaceOrientationLandscapeLeft UIInterfaceOrientationLandscapeRight";
				LD_RUNPATH_SEARCH_PATHS = (
					"$(inherited)",
					"@executable_path/Frameworks",
				);
				MARKETING_VERSION = 1.0.2;
				PRODUCT_BUNDLE_IDENTIFIER = com.ddi.wassha;
				PRODUCT_NAME = "$(TARGET_NAME)";
				SWIFT_EMIT_LOC_STRINGS = YES;
				SWIFT_VERSION = 5.0;
				TARGETED_DEVICE_FAMILY = "1,2";
			};
			name = Debug;
		};
		BCFEEEAE2B8B67520060DFB5 /* Release */ = {
			isa = XCBuildConfiguration;
			buildSettings = {
				ASSETCATALOG_COMPILER_APPICON_NAME = AppIcon;
				ASSETCATALOG_COMPILER_GLOBAL_ACCENT_COLOR_NAME = AccentColor;
				CODE_SIGN_STYLE = Automatic;
				CURRENT_PROJECT_VERSION = 1;
				DEVELOPMENT_ASSET_PATHS = "\"wassha/Preview Content\"";
				DEVELOPMENT_TEAM = GN86H89432;
				ENABLE_PREVIEWS = YES;
				GENERATE_INFOPLIST_FILE = YES;
				INFOPLIST_FILE = wassha/Info.plist;
				INFOPLIST_KEY_CFBundleDisplayName = wassha;
				INFOPLIST_KEY_NSCameraUsageDescription = "";
				INFOPLIST_KEY_NSLocationAlwaysUsageDescription = "We need to get your location for identifying your address";
				INFOPLIST_KEY_NSLocationWhenInUseUsageDescription = "We need to get your location for identifying your address";
				INFOPLIST_KEY_UIApplicationSceneManifest_Generation = YES;
				INFOPLIST_KEY_UIApplicationSupportsIndirectInputEvents = YES;
				INFOPLIST_KEY_UILaunchScreen_Generation = YES;
				INFOPLIST_KEY_UISupportedInterfaceOrientations_iPad = "UIInterfaceOrientationPortrait UIInterfaceOrientationPortraitUpsideDown UIInterfaceOrientationLandscapeLeft UIInterfaceOrientationLandscapeRight";
				INFOPLIST_KEY_UISupportedInterfaceOrientations_iPhone = "UIInterfaceOrientationPortrait UIInterfaceOrientationLandscapeLeft UIInterfaceOrientationLandscapeRight";
				LD_RUNPATH_SEARCH_PATHS = (
					"$(inherited)",
					"@executable_path/Frameworks",
				);
				MARKETING_VERSION = 1.0.2;
				PRODUCT_BUNDLE_IDENTIFIER = com.ddi.wassha;
				PRODUCT_NAME = "$(TARGET_NAME)";
				SWIFT_EMIT_LOC_STRINGS = YES;
				SWIFT_VERSION = 5.0;
				TARGETED_DEVICE_FAMILY = "1,2";
			};
			name = Release;
		};
/* End XCBuildConfiguration section */

/* Begin XCConfigurationList section */
		BCFEEE992B8B67500060DFB5 /* Build configuration list for PBXProject "wassha" */ = {
			isa = XCConfigurationList;
			buildConfigurations = (
				BCFEEEAA2B8B67520060DFB5 /* Debug */,
				BCFEEEAB2B8B67520060DFB5 /* Release */,
			);
			defaultConfigurationIsVisible = 0;
			defaultConfigurationName = Release;
		};
		BCFEEEAC2B8B67520060DFB5 /* Build configuration list for PBXNativeTarget "wassha" */ = {
			isa = XCConfigurationList;
			buildConfigurations = (
				BCFEEEAD2B8B67520060DFB5 /* Debug */,
				BCFEEEAE2B8B67520060DFB5 /* Release */,
			);
			defaultConfigurationIsVisible = 0;
			defaultConfigurationName = Release;
		};
/* End XCConfigurationList section */

/* Begin XCRemoteSwiftPackageReference section */
		B352D7502B9B7AFA0036707D /* XCRemoteSwiftPackageReference "GoogleSignIn-iOS" */ = {
			isa = XCRemoteSwiftPackageReference;
			repositoryURL = "https://github.com/google/GoogleSignIn-iOS";
			requirement = {
				kind = upToNextMajorVersion;
				minimumVersion = 7.0.0;
			};
		};
		B352D7552B9B7B810036707D /* XCRemoteSwiftPackageReference "firebase-ios-sdk" */ = {
			isa = XCRemoteSwiftPackageReference;
			repositoryURL = "https://github.com/firebase/firebase-ios-sdk.git";
			requirement = {
				kind = upToNextMajorVersion;
				minimumVersion = 10.22.1;
			};
		};
/* End XCRemoteSwiftPackageReference section */

/* Begin XCSwiftPackageProductDependency section */
		B352D7512B9B7AFA0036707D /* GoogleSignIn */ = {
			isa = XCSwiftPackageProductDependency;
			package = B352D7502B9B7AFA0036707D /* XCRemoteSwiftPackageReference "GoogleSignIn-iOS" */;
			productName = GoogleSignIn;
		};
		B352D7532B9B7AFA0036707D /* GoogleSignInSwift */ = {
			isa = XCSwiftPackageProductDependency;
			package = B352D7502B9B7AFA0036707D /* XCRemoteSwiftPackageReference "GoogleSignIn-iOS" */;
			productName = GoogleSignInSwift;
		};
		B352D7562B9B7B810036707D /* FirebaseAnalytics */ = {
			isa = XCSwiftPackageProductDependency;
			package = B352D7552B9B7B810036707D /* XCRemoteSwiftPackageReference "firebase-ios-sdk" */;
			productName = FirebaseAnalytics;
		};
		B352D7582B9B7B810036707D /* FirebaseAnalyticsOnDeviceConversion */ = {
			isa = XCSwiftPackageProductDependency;
			package = B352D7552B9B7B810036707D /* XCRemoteSwiftPackageReference "firebase-ios-sdk" */;
			productName = FirebaseAnalyticsOnDeviceConversion;
		};
		B352D75A2B9B7B810036707D /* FirebaseAnalyticsSwift */ = {
			isa = XCSwiftPackageProductDependency;
			package = B352D7552B9B7B810036707D /* XCRemoteSwiftPackageReference "firebase-ios-sdk" */;
			productName = FirebaseAnalyticsSwift;
		};
		B352D75C2B9B7B810036707D /* FirebaseAnalyticsWithoutAdIdSupport */ = {
			isa = XCSwiftPackageProductDependency;
			package = B352D7552B9B7B810036707D /* XCRemoteSwiftPackageReference "firebase-ios-sdk" */;
			productName = FirebaseAnalyticsWithoutAdIdSupport;
		};
		B352D75E2B9B7B810036707D /* FirebaseAppCheck */ = {
			isa = XCSwiftPackageProductDependency;
			package = B352D7552B9B7B810036707D /* XCRemoteSwiftPackageReference "firebase-ios-sdk" */;
			productName = FirebaseAppCheck;
		};
		B352D7612B9B7BA00036707D /* FirebaseAuth */ = {
			isa = XCSwiftPackageProductDependency;
			package = B352D7552B9B7B810036707D /* XCRemoteSwiftPackageReference "firebase-ios-sdk" */;
			productName = FirebaseAuth;
		};
/* End XCSwiftPackageProductDependency section */
	};
	rootObject = BCFEEE962B8B67500060DFB5 /* Project object */;
}
